// !$*UTF8*$!
{
	archiveVersion = 1;
	classes = {
	};
	objectVersion = 46;
	objects = {

/* Begin PBXBuildFile section */
		E42038D41B91788A00DA7FE4 /* CalibriTests.m in Sources */ = {isa = PBXBuildFile; fileRef = E42038D31B91788A00DA7FE4 /* CalibriTests.m */; };
		E4285D361B91C1EE005A84CE /* AppDelegate.m in Sources */ = {isa = PBXBuildFile; fileRef = E4285D041B91C1EE005A84CE /* AppDelegate.m */; };
		E4285D371B91C1EE005A84CE /* AnnounceViewController.m in Sources */ = {isa = PBXBuildFile; fileRef = E4285D081B91C1EE005A84CE /* AnnounceViewController.m */; };
		E4285D381B91C1EE005A84CE /* didLogLeftViewController.m in Sources */ = {isa = PBXBuildFile; fileRef = E4285D0B1B91C1EE005A84CE /* didLogLeftViewController.m */; };
		E4285D391B91C1EE005A84CE /* willLogLeftViewController.m in Sources */ = {isa = PBXBuildFile; fileRef = E4285D0D1B91C1EE005A84CE /* willLogLeftViewController.m */; };
		E4285D3A1B91C1EE005A84CE /* MiniPaperViewController.m in Sources */ = {isa = PBXBuildFile; fileRef = E4285D101B91C1EE005A84CE /* MiniPaperViewController.m */; };
		E4285D3C1B91C1EE005A84CE /* MySettingViewController.m in Sources */ = {isa = PBXBuildFile; fileRef = E4285D161B91C1EE005A84CE /* MySettingViewController.m */; };
		E4285D3D1B91C1EE005A84CE /* MyYardViewController.m in Sources */ = {isa = PBXBuildFile; fileRef = E4285D191B91C1EE005A84CE /* MyYardViewController.m */; };
		E4285D3E1B91C1EE005A84CE /* UserLoginViewController.m in Sources */ = {isa = PBXBuildFile; fileRef = E4285D1C1B91C1EE005A84CE /* UserLoginViewController.m */; };
		E4285D3F1B91C1EE005A84CE /* LeftSlideViewController.m in Sources */ = {isa = PBXBuildFile; fileRef = E4285D241B91C1EE005A84CE /* LeftSlideViewController.m */; };
		E4285D401B91C1EE005A84CE /* UIView_extra.m in Sources */ = {isa = PBXBuildFile; fileRef = E4285D261B91C1EE005A84CE /* UIView_extra.m */; };
		E4285D421B91C1EE005A84CE /* Images.xcassets in Resources */ = {isa = PBXBuildFile; fileRef = E4285D2F1B91C1EE005A84CE /* Images.xcassets */; };
		E4285D431B91C1EE005A84CE /* LaunchScreen.xib in Resources */ = {isa = PBXBuildFile; fileRef = E4285D321B91C1EE005A84CE /* LaunchScreen.xib */; };
		E4285D451B91C1EE005A84CE /* main.m in Sources */ = {isa = PBXBuildFile; fileRef = E4285D351B91C1EE005A84CE /* main.m */; };
		E47C55B71B992BE20033ED8B /* MiniWolrdTableViewCell.m in Sources */ = {isa = PBXBuildFile; fileRef = E47C55B51B992BE20033ED8B /* MiniWolrdTableViewCell.m */; };
		E47C55B81B992BE20033ED8B /* MiniWorldTableViewCell.xib in Resources */ = {isa = PBXBuildFile; fileRef = E47C55B61B992BE20033ED8B /* MiniWorldTableViewCell.xib */; };
		E47C55BB1B99308B0033ED8B /* MiniWorldViewController.m in Sources */ = {isa = PBXBuildFile; fileRef = E47C55BA1B99308B0033ED8B /* MiniWorldViewController.m */; };
		E49B32091B9490620042C6E4 /* PasswordChangeViewController.m in Sources */ = {isa = PBXBuildFile; fileRef = E49B32081B9490620042C6E4 /* PasswordChangeViewController.m */; };
/* End PBXBuildFile section */

/* Begin PBXContainerItemProxy section */
		E42038CE1B91788A00DA7FE4 /* PBXContainerItemProxy */ = {
			isa = PBXContainerItemProxy;
			containerPortal = E42038AC1B91788A00DA7FE4 /* Project object */;
			proxyType = 1;
			remoteGlobalIDString = E42038B31B91788A00DA7FE4;
			remoteInfo = Calibri;
		};
/* End PBXContainerItemProxy section */

/* Begin PBXFileReference section */
		E42038B41B91788A00DA7FE4 /* Calibri.app */ = {isa = PBXFileReference; explicitFileType = wrapper.application; includeInIndex = 0; path = Calibri.app; sourceTree = BUILT_PRODUCTS_DIR; };
		E42038CD1B91788A00DA7FE4 /* CalibriTests.xctest */ = {isa = PBXFileReference; explicitFileType = wrapper.cfbundle; includeInIndex = 0; path = CalibriTests.xctest; sourceTree = BUILT_PRODUCTS_DIR; };
		E42038D21B91788A00DA7FE4 /* Info.plist */ = {isa = PBXFileReference; lastKnownFileType = text.plist.xml; path = Info.plist; sourceTree = "<group>"; };
		E42038D31B91788A00DA7FE4 /* CalibriTests.m */ = {isa = PBXFileReference; lastKnownFileType = sourcecode.c.objc; path = CalibriTests.m; sourceTree = "<group>"; };
		E4285D031B91C1EE005A84CE /* AppDelegate.h */ = {isa = PBXFileReference; fileEncoding = 4; lastKnownFileType = sourcecode.c.h; path = AppDelegate.h; sourceTree = "<group>"; };
		E4285D041B91C1EE005A84CE /* AppDelegate.m */ = {isa = PBXFileReference; fileEncoding = 4; lastKnownFileType = sourcecode.c.objc; path = AppDelegate.m; sourceTree = "<group>"; };
		E4285D071B91C1EE005A84CE /* AnnounceViewController.h */ = {isa = PBXFileReference; fileEncoding = 4; lastKnownFileType = sourcecode.c.h; path = AnnounceViewController.h; sourceTree = "<group>"; };
		E4285D081B91C1EE005A84CE /* AnnounceViewController.m */ = {isa = PBXFileReference; fileEncoding = 4; lastKnownFileType = sourcecode.c.objc; path = AnnounceViewController.m; sourceTree = "<group>"; };
		E4285D0A1B91C1EE005A84CE /* didLogLeftViewController.h */ = {isa = PBXFileReference; fileEncoding = 4; lastKnownFileType = sourcecode.c.h; path = didLogLeftViewController.h; sourceTree = "<group>"; };
		E4285D0B1B91C1EE005A84CE /* didLogLeftViewController.m */ = {isa = PBXFileReference; fileEncoding = 4; lastKnownFileType = sourcecode.c.objc; path = didLogLeftViewController.m; sourceTree = "<group>"; };
		E4285D0C1B91C1EE005A84CE /* willLogLeftViewController.h */ = {isa = PBXFileReference; fileEncoding = 4; lastKnownFileType = sourcecode.c.h; path = willLogLeftViewController.h; sourceTree = "<group>"; };
		E4285D0D1B91C1EE005A84CE /* willLogLeftViewController.m */ = {isa = PBXFileReference; fileEncoding = 4; lastKnownFileType = sourcecode.c.objc; path = willLogLeftViewController.m; sourceTree = "<group>"; };
		E4285D0F1B91C1EE005A84CE /* MiniPaperViewController.h */ = {isa = PBXFileReference; fileEncoding = 4; lastKnownFileType = sourcecode.c.h; path = MiniPaperViewController.h; sourceTree = "<group>"; };
		E4285D101B91C1EE005A84CE /* MiniPaperViewController.m */ = {isa = PBXFileReference; fileEncoding = 4; lastKnownFileType = sourcecode.c.objc; path = MiniPaperViewController.m; sourceTree = "<group>"; };
		E4285D151B91C1EE005A84CE /* MySettingViewController.h */ = {isa = PBXFileReference; fileEncoding = 4; lastKnownFileType = sourcecode.c.h; path = MySettingViewController.h; sourceTree = "<group>"; };
		E4285D161B91C1EE005A84CE /* MySettingViewController.m */ = {isa = PBXFileReference; fileEncoding = 4; lastKnownFileType = sourcecode.c.objc; path = MySettingViewController.m; sourceTree = "<group>"; };
		E4285D181B91C1EE005A84CE /* MyYardViewController.h */ = {isa = PBXFileReference; fileEncoding = 4; lastKnownFileType = sourcecode.c.h; path = MyYardViewController.h; sourceTree = "<group>"; };
		E4285D191B91C1EE005A84CE /* MyYardViewController.m */ = {isa = PBXFileReference; fileEncoding = 4; lastKnownFileType = sourcecode.c.objc; path = MyYardViewController.m; sourceTree = "<group>"; };
		E4285D1B1B91C1EE005A84CE /* UserLoginViewController.h */ = {isa = PBXFileReference; fileEncoding = 4; lastKnownFileType = sourcecode.c.h; path = UserLoginViewController.h; sourceTree = "<group>"; };
		E4285D1C1B91C1EE005A84CE /* UserLoginViewController.m */ = {isa = PBXFileReference; fileEncoding = 4; lastKnownFileType = sourcecode.c.objc; path = UserLoginViewController.m; sourceTree = "<group>"; };
		E4285D231B91C1EE005A84CE /* LeftSlideViewController.h */ = {isa = PBXFileReference; fileEncoding = 4; lastKnownFileType = sourcecode.c.h; path = LeftSlideViewController.h; sourceTree = "<group>"; };
		E4285D241B91C1EE005A84CE /* LeftSlideViewController.m */ = {isa = PBXFileReference; fileEncoding = 4; lastKnownFileType = sourcecode.c.objc; path = LeftSlideViewController.m; sourceTree = "<group>"; };
		E4285D251B91C1EE005A84CE /* UIView_extra.h */ = {isa = PBXFileReference; fileEncoding = 4; lastKnownFileType = sourcecode.c.h; path = UIView_extra.h; sourceTree = "<group>"; };
		E4285D261B91C1EE005A84CE /* UIView_extra.m */ = {isa = PBXFileReference; fileEncoding = 4; lastKnownFileType = sourcecode.c.objc; path = UIView_extra.m; sourceTree = "<group>"; };
		E4285D2F1B91C1EE005A84CE /* Images.xcassets */ = {isa = PBXFileReference; lastKnownFileType = folder.assetcatalog; path = Images.xcassets; sourceTree = "<group>"; };
		E4285D321B91C1EE005A84CE /* LaunchScreen.xib */ = {isa = PBXFileReference; fileEncoding = 4; lastKnownFileType = file.xib; path = LaunchScreen.xib; sourceTree = "<group>"; };
		E4285D341B91C1EE005A84CE /* Info.plist */ = {isa = PBXFileReference; fileEncoding = 4; lastKnownFileType = text.plist.xml; path = Info.plist; sourceTree = "<group>"; };
		E4285D351B91C1EE005A84CE /* main.m */ = {isa = PBXFileReference; fileEncoding = 4; lastKnownFileType = sourcecode.c.objc; path = main.m; sourceTree = "<group>"; };
		E47C55B41B992BE20033ED8B /* MiniWolrdTableViewCell.h */ = {isa = PBXFileReference; fileEncoding = 4; lastKnownFileType = sourcecode.c.h; path = MiniWolrdTableViewCell.h; sourceTree = "<group>"; };
		E47C55B51B992BE20033ED8B /* MiniWolrdTableViewCell.m */ = {isa = PBXFileReference; fileEncoding = 4; lastKnownFileType = sourcecode.c.objc; path = MiniWolrdTableViewCell.m; sourceTree = "<group>"; };
		E47C55B61B992BE20033ED8B /* MiniWorldTableViewCell.xib */ = {isa = PBXFileReference; fileEncoding = 4; lastKnownFileType = file.xib; path = MiniWorldTableViewCell.xib; sourceTree = "<group>"; };
		E47C55B91B99308B0033ED8B /* MiniWorldViewController.h */ = {isa = PBXFileReference; fileEncoding = 4; lastKnownFileType = sourcecode.c.h; path = MiniWorldViewController.h; sourceTree = "<group>"; };
		E47C55BA1B99308B0033ED8B /* MiniWorldViewController.m */ = {isa = PBXFileReference; fileEncoding = 4; lastKnownFileType = sourcecode.c.objc; path = MiniWorldViewController.m; sourceTree = "<group>"; };
		E49B32071B9490620042C6E4 /* PasswordChangeViewController.h */ = {isa = PBXFileReference; fileEncoding = 4; lastKnownFileType = sourcecode.c.h; path = PasswordChangeViewController.h; sourceTree = "<group>"; };
		E49B32081B9490620042C6E4 /* PasswordChangeViewController.m */ = {isa = PBXFileReference; fileEncoding = 4; lastKnownFileType = sourcecode.c.objc; path = PasswordChangeViewController.m; sourceTree = "<group>"; };
/* End PBXFileReference section */

/* Begin PBXFrameworksBuildPhase section */
		E42038B11B91788A00DA7FE4 /* Frameworks */ = {
			isa = PBXFrameworksBuildPhase;
			buildActionMask = 2147483647;
			files = (
			);
			runOnlyForDeploymentPostprocessing = 0;
		};
		E42038CA1B91788A00DA7FE4 /* Frameworks */ = {
			isa = PBXFrameworksBuildPhase;
			buildActionMask = 2147483647;
			files = (
			);
			runOnlyForDeploymentPostprocessing = 0;
		};
/* End PBXFrameworksBuildPhase section */

/* Begin PBXGroup section */
		E42038AB1B91788A00DA7FE4 = {
			isa = PBXGroup;
			children = (
				E4285D001B91C1EE005A84CE /* Calibri */,
				E42038D01B91788A00DA7FE4 /* CalibriTests */,
				E42038B51B91788A00DA7FE4 /* Products */,
			);
			sourceTree = "<group>";
		};
		E42038B51B91788A00DA7FE4 /* Products */ = {
			isa = PBXGroup;
			children = (
				E42038B41B91788A00DA7FE4 /* Calibri.app */,
				E42038CD1B91788A00DA7FE4 /* CalibriTests.xctest */,
			);
			name = Products;
			sourceTree = "<group>";
		};
		E42038D01B91788A00DA7FE4 /* CalibriTests */ = {
			isa = PBXGroup;
			children = (
				E42038D31B91788A00DA7FE4 /* CalibriTests.m */,
				E42038D11B91788A00DA7FE4 /* Supporting Files */,
			);
			path = CalibriTests;
			sourceTree = "<group>";
		};
		E42038D11B91788A00DA7FE4 /* Supporting Files */ = {
			isa = PBXGroup;
			children = (
				E42038D21B91788A00DA7FE4 /* Info.plist */,
			);
			name = "Supporting Files";
			sourceTree = "<group>";
		};
		E4285D001B91C1EE005A84CE /* Calibri */ = {
			isa = PBXGroup;
			children = (
				E4285D011B91C1EE005A84CE /* Classes */,
				E4285D2C1B91C1EE005A84CE /* Resources */,
				E4285D331B91C1EE005A84CE /* Support Files */,
			);
			path = Calibri;
			sourceTree = "<group>";
		};
		E4285D011B91C1EE005A84CE /* Classes */ = {
			isa = PBXGroup;
			children = (
				E4285D021B91C1EE005A84CE /* AppDelegate */,
				E4285D051B91C1EE005A84CE /* Controllers */,
				E4285D211B91C1EE005A84CE /* Public */,
			);
			path = Classes;
			sourceTree = "<group>";
		};
		E4285D021B91C1EE005A84CE /* AppDelegate */ = {
			isa = PBXGroup;
			children = (
				E4285D031B91C1EE005A84CE /* AppDelegate.h */,
				E4285D041B91C1EE005A84CE /* AppDelegate.m */,
			);
			path = AppDelegate;
			sourceTree = "<group>";
		};
		E4285D051B91C1EE005A84CE /* Controllers */ = {
			isa = PBXGroup;
			children = (
				E4285D061B91C1EE005A84CE /* AnnounceVC */,
				E4285D091B91C1EE005A84CE /* LeftVC */,
				E4285D0E1B91C1EE005A84CE /* MiniPaperVC */,
				E4285D111B91C1EE005A84CE /* MiniWorldVC */,
				E4285D141B91C1EE005A84CE /* MySettingVC */,
				E4285D171B91C1EE005A84CE /* MyYardVC */,
				E4285D1A1B91C1EE005A84CE /* UserLoginVC */,
			);
			path = Controllers;
			sourceTree = "<group>";
		};
		E4285D061B91C1EE005A84CE /* AnnounceVC */ = {
			isa = PBXGroup;
			children = (
				E4285D071B91C1EE005A84CE /* AnnounceViewController.h */,
				E4285D081B91C1EE005A84CE /* AnnounceViewController.m */,
			);
			path = AnnounceVC;
			sourceTree = "<group>";
		};
		E4285D091B91C1EE005A84CE /* LeftVC */ = {
			isa = PBXGroup;
			children = (
				E4285D0A1B91C1EE005A84CE /* didLogLeftViewController.h */,
				E4285D0B1B91C1EE005A84CE /* didLogLeftViewController.m */,
				E4285D0C1B91C1EE005A84CE /* willLogLeftViewController.h */,
				E4285D0D1B91C1EE005A84CE /* willLogLeftViewController.m */,
			);
			path = LeftVC;
			sourceTree = "<group>";
		};
		E4285D0E1B91C1EE005A84CE /* MiniPaperVC */ = {
			isa = PBXGroup;
			children = (
				E4285D0F1B91C1EE005A84CE /* MiniPaperViewController.h */,
				E4285D101B91C1EE005A84CE /* MiniPaperViewController.m */,
			);
			path = MiniPaperVC;
			sourceTree = "<group>";
		};
		E4285D111B91C1EE005A84CE /* MiniWorldVC */ = {
			isa = PBXGroup;
			children = (
				E47C55B91B99308B0033ED8B /* MiniWorldViewController.h */,
				E47C55BA1B99308B0033ED8B /* MiniWorldViewController.m */,
				E47C55B31B992BE20033ED8B /* MiniWorldCell */,
			);
			path = MiniWorldVC;
			sourceTree = "<group>";
		};
		E4285D141B91C1EE005A84CE /* MySettingVC */ = {
			isa = PBXGroup;
			children = (
				E4285D151B91C1EE005A84CE /* MySettingViewController.h */,
				E4285D161B91C1EE005A84CE /* MySettingViewController.m */,
				E49B32061B9490620042C6E4 /* PassWordChangeVC */,
			);
			path = MySettingVC;
			sourceTree = "<group>";
		};
		E4285D171B91C1EE005A84CE /* MyYardVC */ = {
			isa = PBXGroup;
			children = (
				E4285D181B91C1EE005A84CE /* MyYardViewController.h */,
				E4285D191B91C1EE005A84CE /* MyYardViewController.m */,
			);
			path = MyYardVC;
			sourceTree = "<group>";
		};
		E4285D1A1B91C1EE005A84CE /* UserLoginVC */ = {
			isa = PBXGroup;
			children = (
				E4285D1B1B91C1EE005A84CE /* UserLoginViewController.h */,
				E4285D1C1B91C1EE005A84CE /* UserLoginViewController.m */,
			);
			path = UserLoginVC;
			sourceTree = "<group>";
		};
		E4285D211B91C1EE005A84CE /* Public */ = {
			isa = PBXGroup;
			children = (
				E4285D221B91C1EE005A84CE /* LeftSlideViewController */,
			);
			path = Public;
			sourceTree = "<group>";
		};
		E4285D221B91C1EE005A84CE /* LeftSlideViewController */ = {
			isa = PBXGroup;
			children = (
				E4285D231B91C1EE005A84CE /* LeftSlideViewController.h */,
				E4285D241B91C1EE005A84CE /* LeftSlideViewController.m */,
				E4285D251B91C1EE005A84CE /* UIView_extra.h */,
				E4285D261B91C1EE005A84CE /* UIView_extra.m */,
			);
			path = LeftSlideViewController;
			sourceTree = "<group>";
		};
		E4285D2C1B91C1EE005A84CE /* Resources */ = {
			isa = PBXGroup;
			children = (
				E4285D2E1B91C1EE005A84CE /* image */,
				E4285D311B91C1EE005A84CE /* xib */,
			);
			path = Resources;
			sourceTree = "<group>";
		};
		E4285D2E1B91C1EE005A84CE /* image */ = {
			isa = PBXGroup;
			children = (
				E4285D2F1B91C1EE005A84CE /* Images.xcassets */,
			);
			path = image;
			sourceTree = "<group>";
		};
		E4285D311B91C1EE005A84CE /* xib */ = {
			isa = PBXGroup;
			children = (
				E4285D321B91C1EE005A84CE /* LaunchScreen.xib */,
			);
			path = xib;
			sourceTree = "<group>";
		};
		E4285D331B91C1EE005A84CE /* Support Files */ = {
			isa = PBXGroup;
			children = (
				E4285D341B91C1EE005A84CE /* Info.plist */,
				E4285D351B91C1EE005A84CE /* main.m */,
			);
			path = "Support Files";
			sourceTree = "<group>";
		};
		E47C55B31B992BE20033ED8B /* MiniWorldCell */ = {
			isa = PBXGroup;
			children = (
				E47C55B41B992BE20033ED8B /* MiniWolrdTableViewCell.h */,
				E47C55B51B992BE20033ED8B /* MiniWolrdTableViewCell.m */,
				E47C55B61B992BE20033ED8B /* MiniWorldTableViewCell.xib */,
			);
			path = MiniWorldCell;
			sourceTree = "<group>";
		};
		E49B32061B9490620042C6E4 /* PassWordChangeVC */ = {
			isa = PBXGroup;
			children = (
				E49B32071B9490620042C6E4 /* PasswordChangeViewController.h */,
				E49B32081B9490620042C6E4 /* PasswordChangeViewController.m */,
			);
			path = PassWordChangeVC;
			sourceTree = "<group>";
		};
/* End PBXGroup section */

/* Begin PBXNativeTarget section */
		E42038B31B91788A00DA7FE4 /* Calibri */ = {
			isa = PBXNativeTarget;
			buildConfigurationList = E42038D71B91788A00DA7FE4 /* Build configuration list for PBXNativeTarget "Calibri" */;
			buildPhases = (
				E42038B01B91788A00DA7FE4 /* Sources */,
				E42038B11B91788A00DA7FE4 /* Frameworks */,
				E42038B21B91788A00DA7FE4 /* Resources */,
			);
			buildRules = (
			);
			dependencies = (
			);
			name = Calibri;
			productName = Calibri;
			productReference = E42038B41B91788A00DA7FE4 /* Calibri.app */;
			productType = "com.apple.product-type.application";
		};
		E42038CC1B91788A00DA7FE4 /* CalibriTests */ = {
			isa = PBXNativeTarget;
			buildConfigurationList = E42038DA1B91788A00DA7FE4 /* Build configuration list for PBXNativeTarget "CalibriTests" */;
			buildPhases = (
				E42038C91B91788A00DA7FE4 /* Sources */,
				E42038CA1B91788A00DA7FE4 /* Frameworks */,
				E42038CB1B91788A00DA7FE4 /* Resources */,
			);
			buildRules = (
			);
			dependencies = (
				E42038CF1B91788A00DA7FE4 /* PBXTargetDependency */,
			);
			name = CalibriTests;
			productName = CalibriTests;
			productReference = E42038CD1B91788A00DA7FE4 /* CalibriTests.xctest */;
			productType = "com.apple.product-type.bundle.unit-test";
		};
/* End PBXNativeTarget section */

/* Begin PBXProject section */
		E42038AC1B91788A00DA7FE4 /* Project object */ = {
			isa = PBXProject;
			attributes = {
				LastUpgradeCheck = 0640;
				ORGANIZATIONNAME = CalibriDevelop;
				TargetAttributes = {
					E42038B31B91788A00DA7FE4 = {
						CreatedOnToolsVersion = 6.4;
					};
					E42038CC1B91788A00DA7FE4 = {
						CreatedOnToolsVersion = 6.4;
						TestTargetID = E42038B31B91788A00DA7FE4;
					};
				};
			};
			buildConfigurationList = E42038AF1B91788A00DA7FE4 /* Build configuration list for PBXProject "Calibri" */;
			compatibilityVersion = "Xcode 3.2";
			developmentRegion = English;
			hasScannedForEncodings = 0;
			knownRegions = (
				en,
				Base,
			);
			mainGroup = E42038AB1B91788A00DA7FE4;
			productRefGroup = E42038B51B91788A00DA7FE4 /* Products */;
			projectDirPath = "";
			projectRoot = "";
			targets = (
				E42038B31B91788A00DA7FE4 /* Calibri */,
				E42038CC1B91788A00DA7FE4 /* CalibriTests */,
			);
		};
/* End PBXProject section */

/* Begin PBXResourcesBuildPhase section */
		E42038B21B91788A00DA7FE4 /* Resources */ = {
			isa = PBXResourcesBuildPhase;
			buildActionMask = 2147483647;
			files = (
				E47C55B81B992BE20033ED8B /* MiniWorldTableViewCell.xib in Resources */,
				E4285D431B91C1EE005A84CE /* LaunchScreen.xib in Resources */,
				E4285D421B91C1EE005A84CE /* Images.xcassets in Resources */,
			);
			runOnlyForDeploymentPostprocessing = 0;
		};
		E42038CB1B91788A00DA7FE4 /* Resources */ = {
			isa = PBXResourcesBuildPhase;
			buildActionMask = 2147483647;
			files = (
			);
			runOnlyForDeploymentPostprocessing = 0;
		};
/* End PBXResourcesBuildPhase section */

/* Begin PBXSourcesBuildPhase section */
		E42038B01B91788A00DA7FE4 /* Sources */ = {
			isa = PBXSourcesBuildPhase;
			buildActionMask = 2147483647;
			files = (
				E49B32091B9490620042C6E4 /* PasswordChangeViewController.m in Sources */,
				E4285D451B91C1EE005A84CE /* main.m in Sources */,
				E4285D401B91C1EE005A84CE /* UIView_extra.m in Sources */,
				E4285D3E1B91C1EE005A84CE /* UserLoginViewController.m in Sources */,
				E4285D3F1B91C1EE005A84CE /* LeftSlideViewController.m in Sources */,
				E4285D3C1B91C1EE005A84CE /* MySettingViewController.m in Sources */,
				E47C55B71B992BE20033ED8B /* MiniWolrdTableViewCell.m in Sources */,
				E4285D361B91C1EE005A84CE /* AppDelegate.m in Sources */,
				E47C55BB1B99308B0033ED8B /* MiniWorldViewController.m in Sources */,
				E4285D3A1B91C1EE005A84CE /* MiniPaperViewController.m in Sources */,
				E4285D381B91C1EE005A84CE /* didLogLeftViewController.m in Sources */,
				E4285D391B91C1EE005A84CE /* willLogLeftViewController.m in Sources */,
				E4285D3D1B91C1EE005A84CE /* MyYardViewController.m in Sources */,
				E4285D371B91C1EE005A84CE /* AnnounceViewController.m in Sources */,
			);
			runOnlyForDeploymentPostprocessing = 0;
		};
		E42038C91B91788A00DA7FE4 /* Sources */ = {
			isa = PBXSourcesBuildPhase;
			buildActionMask = 2147483647;
			files = (
				E42038D41B91788A00DA7FE4 /* CalibriTests.m in Sources */,
			);
			runOnlyForDeploymentPostprocessing = 0;
		};
/* End PBXSourcesBuildPhase section */

/* Begin PBXTargetDependency section */
		E42038CF1B91788A00DA7FE4 /* PBXTargetDependency */ = {
			isa = PBXTargetDependency;
			target = E42038B31B91788A00DA7FE4 /* Calibri */;
			targetProxy = E42038CE1B91788A00DA7FE4 /* PBXContainerItemProxy */;
		};
/* End PBXTargetDependency section */

/* Begin XCBuildConfiguration section */
		E42038D51B91788A00DA7FE4 /* Debug */ = {
			isa = XCBuildConfiguration;
			buildSettings = {
				ALWAYS_SEARCH_USER_PATHS = NO;
				CLANG_CXX_LANGUAGE_STANDARD = "gnu++0x";
				CLANG_CXX_LIBRARY = "libc++";
				CLANG_ENABLE_MODULES = YES;
				CLANG_ENABLE_OBJC_ARC = YES;
				CLANG_WARN_BOOL_CONVERSION = YES;
				CLANG_WARN_CONSTANT_CONVERSION = YES;
				CLANG_WARN_DIRECT_OBJC_ISA_USAGE = YES_ERROR;
				CLANG_WARN_EMPTY_BODY = YES;
				CLANG_WARN_ENUM_CONVERSION = YES;
				CLANG_WARN_INT_CONVERSION = YES;
				CLANG_WARN_OBJC_ROOT_CLASS = YES_ERROR;
				CLANG_WARN_UNREACHABLE_CODE = YES;
				CLANG_WARN__DUPLICATE_METHOD_MATCH = YES;
				"CODE_SIGN_IDENTITY[sdk=iphoneos*]" = "iPhone Developer";
				COPY_PHASE_STRIP = NO;
				DEBUG_INFORMATION_FORMAT = "dwarf-with-dsym";
				ENABLE_STRICT_OBJC_MSGSEND = YES;
				GCC_C_LANGUAGE_STANDARD = gnu99;
				GCC_DYNAMIC_NO_PIC = NO;
				GCC_NO_COMMON_BLOCKS = YES;
				GCC_OPTIMIZATION_LEVEL = 0;
				GCC_PREPROCESSOR_DEFINITIONS = (
					"DEBUG=1",
					"$(inherited)",
				);
				GCC_SYMBOLS_PRIVATE_EXTERN = NO;
				GCC_WARN_64_TO_32_BIT_CONVERSION = YES;
				GCC_WARN_ABOUT_RETURN_TYPE = YES_ERROR;
				GCC_WARN_UNDECLARED_SELECTOR = YES;
				GCC_WARN_UNINITIALIZED_AUTOS = YES_AGGRESSIVE;
				GCC_WARN_UNUSED_FUNCTION = YES;
				GCC_WARN_UNUSED_VARIABLE = YES;
				IPHONEOS_DEPLOYMENT_TARGET = 8.4;
				MTL_ENABLE_DEBUG_INFO = YES;
				ONLY_ACTIVE_ARCH = YES;
				SDKROOT = iphoneos;
			};
			name = Debug;
		};
		E42038D61B91788A00DA7FE4 /* Release */ = {
			isa = XCBuildConfiguration;
			buildSettings = {
				ALWAYS_SEARCH_USER_PATHS = NO;
				CLANG_CXX_LANGUAGE_STANDARD = "gnu++0x";
				CLANG_CXX_LIBRARY = "libc++";
				CLANG_ENABLE_MODULES = YES;
				CLANG_ENABLE_OBJC_ARC = YES;
				CLANG_WARN_BOOL_CONVERSION = YES;
				CLANG_WARN_CONSTANT_CONVERSION = YES;
				CLANG_WARN_DIRECT_OBJC_ISA_USAGE = YES_ERROR;
				CLANG_WARN_EMPTY_BODY = YES;
				CLANG_WARN_ENUM_CONVERSION = YES;
				CLANG_WARN_INT_CONVERSION = YES;
				CLANG_WARN_OBJC_ROOT_CLASS = YES_ERROR;
				CLANG_WARN_UNREACHABLE_CODE = YES;
				CLANG_WARN__DUPLICATE_METHOD_MATCH = YES;
				"CODE_SIGN_IDENTITY[sdk=iphoneos*]" = "iPhone Developer";
				COPY_PHASE_STRIP = NO;
				DEBUG_INFORMATION_FORMAT = "dwarf-with-dsym";
				ENABLE_NS_ASSERTIONS = NO;
				ENABLE_STRICT_OBJC_MSGSEND = YES;
				GCC_C_LANGUAGE_STANDARD = gnu99;
				GCC_NO_COMMON_BLOCKS = YES;
				GCC_WARN_64_TO_32_BIT_CONVERSION = YES;
				GCC_WARN_ABOUT_RETURN_TYPE = YES_ERROR;
				GCC_WARN_UNDECLARED_SELECTOR = YES;
				GCC_WARN_UNINITIALIZED_AUTOS = YES_AGGRESSIVE;
				GCC_WARN_UNUSED_FUNCTION = YES;
				GCC_WARN_UNUSED_VARIABLE = YES;
				IPHONEOS_DEPLOYMENT_TARGET = 8.4;
				MTL_ENABLE_DEBUG_INFO = NO;
				SDKROOT = iphoneos;
				VALIDATE_PRODUCT = YES;
			};
			name = Release;
		};
		E42038D81B91788A00DA7FE4 /* Debug */ = {
			isa = XCBuildConfiguration;
			buildSettings = {
				ASSETCATALOG_COMPILER_APPICON_NAME = AppIcon;
				ASSETCATALOG_COMPILER_LAUNCHIMAGE_NAME = LaunchImage;
				INFOPLIST_FILE = "Calibri/Support Files/Info.plist";
				LD_RUNPATH_SEARCH_PATHS = "$(inherited) @executable_path/Frameworks";
				PRODUCT_NAME = "$(TARGET_NAME)";
			};
			name = Debug;
		};
		E42038D91B91788A00DA7FE4 /* Release */ = {
			isa = XCBuildConfiguration;
			buildSettings = {
				ASSETCATALOG_COMPILER_APPICON_NAME = AppIcon;
				ASSETCATALOG_COMPILER_LAUNCHIMAGE_NAME = LaunchImage;
				INFOPLIST_FILE = "Calibri/Support Files/Info.plist";
				LD_RUNPATH_SEARCH_PATHS = "$(inherited) @executable_path/Frameworks";
				PRODUCT_NAME = "$(TARGET_NAME)";
			};
			name = Release;
		};
		E42038DB1B91788A00DA7FE4 /* Debug */ = {
			isa = XCBuildConfiguration;
			buildSettings = {
				BUNDLE_LOADER = "$(TEST_HOST)";
				FRAMEWORK_SEARCH_PATHS = (
					"$(SDKROOT)/Developer/Library/Frameworks",
					"$(inherited)",
				);
				GCC_PREPROCESSOR_DEFINITIONS = (
					"DEBUG=1",
					"$(inherited)",
				);
				INFOPLIST_FILE = CalibriTests/Info.plist;
				LD_RUNPATH_SEARCH_PATHS = "$(inherited) @executable_path/Frameworks @loader_path/Frameworks";
				PRODUCT_NAME = "$(TARGET_NAME)";
				TEST_HOST = "$(BUILT_PRODUCTS_DIR)/Calibri.app/Calibri";
			};
			name = Debug;
		};
		E42038DC1B91788A00DA7FE4 /* Release */ = {
			isa = XCBuildConfiguration;
			buildSettings = {
				BUNDLE_LOADER = "$(TEST_HOST)";
				FRAMEWORK_SEARCH_PATHS = (
					"$(SDKROOT)/Developer/Library/Frameworks",
					"$(inherited)",
				);
				INFOPLIST_FILE = CalibriTests/Info.plist;
				LD_RUNPATH_SEARCH_PATHS = "$(inherited) @executable_path/Frameworks @loader_path/Frameworks";
				PRODUCT_NAME = "$(TARGET_NAME)";
				TEST_HOST = "$(BUILT_PRODUCTS_DIR)/Calibri.app/Calibri";
			};
			name = Release;
		};
/* End XCBuildConfiguration section */

/* Begin XCConfigurationList section */
		E42038AF1B91788A00DA7FE4 /* Build configuration list for PBXProject "Calibri" */ = {
			isa = XCConfigurationList;
			buildConfigurations = (
				E42038D51B91788A00DA7FE4 /* Debug */,
				E42038D61B91788A00DA7FE4 /* Release */,
			);
			defaultConfigurationIsVisible = 0;
			defaultConfigurationName = Release;
		};
		E42038D71B91788A00DA7FE4 /* Build configuration list for PBXNativeTarget "Calibri" */ = {
			isa = XCConfigurationList;
			buildConfigurations = (
				E42038D81B91788A00DA7FE4 /* Debug */,
				E42038D91B91788A00DA7FE4 /* Release */,
			);
			defaultConfigurationIsVisible = 0;
			defaultConfigurationName = Release;
		};
		E42038DA1B91788A00DA7FE4 /* Build configuration list for PBXNativeTarget "CalibriTests" */ = {
			isa = XCConfigurationList;
			buildConfigurations = (
				E42038DB1B91788A00DA7FE4 /* Debug */,
				E42038DC1B91788A00DA7FE4 /* Release */,
			);
			defaultConfigurationIsVisible = 0;
			defaultConfigurationName = Release;
		};
/* End XCConfigurationList section */
	};
	rootObject = E42038AC1B91788A00DA7FE4 /* Project object */;
}
